# @generated by Move, please check-in and do not edit manually.

[move]
version = 3
manifest_digest = "95949879A94E85FFE6F32456DB1C5587A3A49CBBBBE165C83B4E1E5BC07280EB"
deps_digest = "F8BBB0CCB2491CA29A3DF03D6F92277A4F3574266507ACD77214D37ECA3F3082"
dependencies = [
  { id = "Sui", name = "Sui" },
]

[[move.package]]
id = "MoveStdlib"
source = { git = "https://github.com/MystenLabs/sui.git", rev = "framework/mainnet", subdir = "crates/sui-framework/packages/move-stdlib" }

[[move.package]]
id = "Sui"
source = { git = "https://github.com/MystenLabs/sui.git", rev = "framework/mainnet", subdir = "crates/sui-framework/packages/sui-framework" }

dependencies = [
  { id = "MoveStdlib", name = "MoveStdlib" },
]

[move.toolchain-version]
compiler-version = "1.58.3"
edition = "2024.beta"
flavor = "sui"

[env]

[env.mainnet]
chain-id = "35834a8a"
original-published-id = "0x4948b7ee9d6c6f0044eb3eea4b8dec2de3b9f07cab683940be3fd3d9557b46b0"
latest-published-id = "0x4948b7ee9d6c6f0044eb3eea4b8dec2de3b9f07cab683940be3fd3d9557b46b0"
published-version = "1"
