# @generated by Move, please check-in and do not edit manually.

[move]
version = 3
manifest_digest = "F74F5CACB87280AD3BE09EED7EB330BC24AC119D89704A0D3D8B0CE857C2F455"
deps_digest = "3C4103934B1E040BB6B23F1D610B4EF9F2F1166A50A104EADCF77467C004C600"
dependencies = [
  { id = "Sui", name = "Sui" },
  { id = "test_usdc", name = "test_usdc" },
]

[[move.package]]
id = "MoveStdlib"
source = { git = "https://github.com/MystenLabs/sui.git", rev = "framework/testnet", subdir = "crates/sui-framework/packages/move-stdlib" }

[[move.package]]
id = "Sui"
source = { git = "https://github.com/MystenLabs/sui.git", rev = "framework/testnet", subdir = "crates/sui-framework/packages/sui-framework" }

dependencies = [
  { id = "MoveStdlib", name = "MoveStdlib" },
]

[[move.package]]
id = "test_usdc"
source = { local = "../test_usdc" }

dependencies = [
  { id = "Sui", name = "Sui" },
]

[move.toolchain-version]
compiler-version = "1.58.3"
edition = "2024.beta"
flavor = "sui"

[env]

[env.testnet]
chain-id = "4c78adac"
original-published-id = "0xe207b8a0af56f11cf064a11b620625e2fce9a8107823dac96380653ecc287d3b"
latest-published-id = "0xe207b8a0af56f11cf064a11b620625e2fce9a8107823dac96380653ecc287d3b"
published-version = "1"
